
Microsoft Visual Studio Solution File, Format Version 12.00
# Visual Studio 14
VisualStudioVersion = 14.0.23107.0
MinimumVisualStudioVersion = 10.0.40219.1
Project("{FAE04EC0-301F-11D3-BF4B-00C04F79EFBC}") = "TextRewriter", "TextRewriter\TextRewriter.csproj", "{8D7E6E70-AC73-433E-80BC-A66D35B70ECE}"
EndProject
Project("{FAE04EC0-301F-11D3-BF4B-00C04F79EFBC}") = "TextRewriterTest", "TextRewriterTest\TextRewriterTest.csproj", "{ADB0E770-BAA7-4AC3-9C72-5F8FE43FD34B}"
EndProject
Project("{FAE04EC0-301F-11D3-BF4B-00C04F79EFBC}") = "TextRewriterWinClient", "TextRewriterWinClient\TextRewriterWinClient.csproj", "{BEAE86CB-A03A-4563-8B31-27B022A59D4D}"
EndProject
Global
	GlobalSection(SolutionConfigurationPlatforms) = preSolution
		Debug|Any CPU = Debug|Any CPU
		Release|Any CPU = Release|Any CPU
	EndGlobalSection
	GlobalSection(ProjectConfigurationPlatforms) = postSolution
		{8D7E6E70-AC73-433E-80BC-A66D35B70ECE}.Debug|Any CPU.ActiveCfg = Debug|Any CPU
		{8D7E6E70-AC73-433E-80BC-A66D35B70ECE}.Debug|Any CPU.Build.0 = Debug|Any CPU
		{8D7E6E70-AC73-433E-80BC-A66D35B70ECE}.Release|Any CPU.ActiveCfg = Release|Any CPU
		{8D7E6E70-AC73-433E-80BC-A66D35B70ECE}.Release|Any CPU.Build.0 = Release|Any CPU
		{ADB0E770-BAA7-4AC3-9C72-5F8FE43FD34B}.Debug|Any CPU.ActiveCfg = Debug|Any CPU
		{ADB0E770-BAA7-4AC3-9C72-5F8FE43FD34B}.Debug|Any CPU.Build.0 = Debug|Any CPU
		{ADB0E770-BAA7-4AC3-9C72-5F8FE43FD34B}.Release|Any CPU.ActiveCfg = Release|Any CPU
		{ADB0E770-BAA7-4AC3-9C72-5F8FE43FD34B}.Release|Any CPU.Build.0 = Release|Any CPU
		{BEAE86CB-A03A-4563-8B31-27B022A59D4D}.Debug|Any CPU.ActiveCfg = Debug|Any CPU
		{BEAE86CB-A03A-4563-8B31-27B022A59D4D}.Debug|Any CPU.Build.0 = Debug|Any CPU
		{BEAE86CB-A03A-4563-8B31-27B022A59D4D}.Release|Any CPU.ActiveCfg = Release|Any CPU
		{BEAE86CB-A03A-4563-8B31-27B022A59D4D}.Release|Any CPU.Build.0 = Release|Any CPU
	EndGlobalSection
	GlobalSection(SolutionProperties) = preSolution
		HideSolutionNode = FALSE
	EndGlobalSection
EndGlobal
